
Microsoft Visual Studio Solution File, Format Version 12.00
# Visual Studio Version 16
VisualStudioVersion = 16.0.31613.86
MinimumVisualStudioVersion = 10.0.40219.1
Project("{FAE04EC0-301F-11D3-BF4B-00C04F79EFBC}") = "i have it", "i have it\i have it.csproj", "{598A81A7-32CC-425E-9DC7-E943974CEDAE}"
EndProject
Global
	GlobalSection(SolutionConfigurationPlatforms) = preSolution
		Debug|Any CPU = Debug|Any CPU
		Release|Any CPU = Release|Any CPU
	EndGlobalSection
	GlobalSection(ProjectConfigurationPlatforms) = postSolution
		{598A81A7-32CC-425E-9DC7-E943974CEDAE}.Debug|Any CPU.ActiveCfg = Debug|Any CPU
		{598A81A7-32CC-425E-9DC7-E943974CEDAE}.Debug|Any CPU.Build.0 = Debug|Any CPU
		{598A81A7-32CC-425E-9DC7-E943974CEDAE}.Release|Any CPU.ActiveCfg = Release|Any CPU
		{598A81A7-32CC-425E-9DC7-E943974CEDAE}.Release|Any CPU.Build.0 = Release|Any CPU
	EndGlobalSection
	GlobalSection(SolutionProperties) = preSolution
		HideSolutionNode = FALSE
	EndGlobalSection
	GlobalSection(ExtensibilityGlobals) = postSolution
		SolutionGuid = {7549D8F0-707A-40E1-9375-E2AA15B9D4E4}
	EndGlobalSection
EndGlobal
